
Microsoft Visual Studio Solution File, Format Version 12.00
# Visual Studio Version 17
VisualStudioVersion = 17.3.32901.215
MinimumVisualStudioVersion = 10.0.40219.1
Project("{FAE04EC0-301F-11D3-BF4B-00C04F79EFBC}") = "api.primerparcial", "api.primerparcial\api.primerparcial.csproj", "{904FEA05-6A97-40FC-8AFA-D21EA22BA55E}"
EndProject
Global
	GlobalSection(SolutionConfigurationPlatforms) = preSolution
		Debug|Any CPU = Debug|Any CPU
		Release|Any CPU = Release|Any CPU
	EndGlobalSection
	GlobalSection(ProjectConfigurationPlatforms) = postSolution
		{904FEA05-6A97-40FC-8AFA-D21EA22BA55E}.Debug|Any CPU.ActiveCfg = Debug|Any CPU
		{904FEA05-6A97-40FC-8AFA-D21EA22BA55E}.Debug|Any CPU.Build.0 = Debug|Any CPU
		{904FEA05-6A97-40FC-8AFA-D21EA22BA55E}.Release|Any CPU.ActiveCfg = Release|Any CPU
		{904FEA05-6A97-40FC-8AFA-D21EA22BA55E}.Release|Any CPU.Build.0 = Release|Any CPU
	EndGlobalSection
	GlobalSection(SolutionProperties) = preSolution
		HideSolutionNode = FALSE
	EndGlobalSection
	GlobalSection(ExtensibilityGlobals) = postSolution
		SolutionGuid = {B4F22CB0-8362-44D5-9EEF-6D690CC90390}
	EndGlobalSection
EndGlobal
